// !$*UTF8*$!
{
	archiveVersion = 1;
	classes = {
	};
	objectVersion = 55;
	objects = {

/* Begin PBXBuildFile section */
		30DB335727D81842004FE741 /* CoinV.swift in Sources */ = {isa = PBXBuildFile; fileRef = 30DB335627D81842004FE741 /* CoinV.swift */; };
		30DB335927D819AE004FE741 /* TableViewHeader.swift in Sources */ = {isa = PBXBuildFile; fileRef = 30DB335827D819AE004FE741 /* TableViewHeader.swift */; };
		30DB335C27D81A4D004FE741 /* ListaCriptoTableViewCell.swift in Sources */ = {isa = PBXBuildFile; fileRef = 30DB335B27D81A4D004FE741 /* ListaCriptoTableViewCell.swift */; };
		30DB335E27D90EFE004FE741 /* DetalhesAddViewController.swift in Sources */ = {isa = PBXBuildFile; fileRef = 30DB335D27D90EFE004FE741 /* DetalhesAddViewController.swift */; };
		30DB336427D94938004FE741 /* Color+.swift in Sources */ = {isa = PBXBuildFile; fileRef = 30DB336327D94938004FE741 /* Color+.swift */; };
		30DB336727D952B9004FE741 /* AddFavView.swift in Sources */ = {isa = PBXBuildFile; fileRef = 30DB336627D952B9004FE741 /* AddFavView.swift */; };
		30DB336927D952DC004FE741 /* AmountByDateView.swift in Sources */ = {isa = PBXBuildFile; fileRef = 30DB336827D952DC004FE741 /* AmountByDateView.swift */; };
		30DB337427DF8C8F004FE741 /* CollectionTableViewHeader.swift in Sources */ = {isa = PBXBuildFile; fileRef = 30DB337127DF8C8F004FE741 /* CollectionTableViewHeader.swift */; };
		30DB337527DF8C8F004FE741 /* ErrorView.swift in Sources */ = {isa = PBXBuildFile; fileRef = 30DB337227DF8C8F004FE741 /* ErrorView.swift */; };
		30DB337627DF8C90004FE741 /* ListaFavViewCell.swift in Sources */ = {isa = PBXBuildFile; fileRef = 30DB337327DF8C8F004FE741 /* ListaFavViewCell.swift */; };
		30DB337927DFA292004FE741 /* Cripto.swift in Sources */ = {isa = PBXBuildFile; fileRef = 30DB337827DFA292004FE741 /* Cripto.swift */; };
		30E22D9927E0D87500AF130D /* DetaisFavCoordinator.swift in Sources */ = {isa = PBXBuildFile; fileRef = 30E22D9827E0D87400AF130D /* DetaisFavCoordinator.swift */; };
		3930D0AD27D6366200BD446A /* AppDelegate.swift in Sources */ = {isa = PBXBuildFile; fileRef = 3930D0AC27D6366200BD446A /* AppDelegate.swift */; };
		3930D0AF27D6366200BD446A /* SceneDelegate.swift in Sources */ = {isa = PBXBuildFile; fileRef = 3930D0AE27D6366200BD446A /* SceneDelegate.swift */; };
		3930D0C427D6366400BD446A /* DesafioFinalTests.swift in Sources */ = {isa = PBXBuildFile; fileRef = 3930D0C327D6366400BD446A /* DesafioFinalTests.swift */; };
		3930D0CE27D6366400BD446A /* DesafioFinalUITests.swift in Sources */ = {isa = PBXBuildFile; fileRef = 3930D0CD27D6366400BD446A /* DesafioFinalUITests.swift */; };
		3930D0D027D6366400BD446A /* DesafioFinalUITestsLaunchTests.swift in Sources */ = {isa = PBXBuildFile; fileRef = 3930D0CF27D6366400BD446A /* DesafioFinalUITestsLaunchTests.swift */; };
		3930D12D27D6835D00BD446A /* Coordinator.swift in Sources */ = {isa = PBXBuildFile; fileRef = 3930D12C27D6835D00BD446A /* Coordinator.swift */; };
		3930D12F27D683A500BD446A /* CoinCoordinator.swift in Sources */ = {isa = PBXBuildFile; fileRef = 3930D12E27D683A500BD446A /* CoinCoordinator.swift */; };
		3930D13127D6867900BD446A /* TBViewController.swift in Sources */ = {isa = PBXBuildFile; fileRef = 3930D13027D6867900BD446A /* TBViewController.swift */; };
/* End PBXBuildFile section */

/* Begin PBXContainerItemProxy section */
		3930D0C027D6366400BD446A /* PBXContainerItemProxy */ = {
			isa = PBXContainerItemProxy;
			containerPortal = 3930D0A127D6366200BD446A /* Project object */;
			proxyType = 1;
			remoteGlobalIDString = 3930D0A827D6366200BD446A;
			remoteInfo = DesafioFinal;
		};
		3930D0CA27D6366400BD446A /* PBXContainerItemProxy */ = {
			isa = PBXContainerItemProxy;
			containerPortal = 3930D0A127D6366200BD446A /* Project object */;
			proxyType = 1;
			remoteGlobalIDString = 3930D0A827D6366200BD446A;
			remoteInfo = DesafioFinal;
		};
/* End PBXContainerItemProxy section */

/* Begin PBXFileReference section */
		30DB335627D81842004FE741 /* CoinV.swift */ = {isa = PBXFileReference; lastKnownFileType = sourcecode.swift; path = CoinV.swift; sourceTree = "<group>"; };
		30DB335827D819AE004FE741 /* TableViewHeader.swift */ = {isa = PBXFileReference; lastKnownFileType = sourcecode.swift; path = TableViewHeader.swift; sourceTree = "<group>"; };
		30DB335B27D81A4D004FE741 /* ListaCriptoTableViewCell.swift */ = {isa = PBXFileReference; lastKnownFileType = sourcecode.swift; path = ListaCriptoTableViewCell.swift; sourceTree = "<group>"; };
		30DB335D27D90EFE004FE741 /* DetalhesAddViewController.swift */ = {isa = PBXFileReference; lastKnownFileType = sourcecode.swift; path = DetalhesAddViewController.swift; sourceTree = "<group>"; };
		30DB336127D947F2004FE741 /* Themes.xcassets */ = {isa = PBXFileReference; lastKnownFileType = folder.assetcatalog; path = Themes.xcassets; sourceTree = "<group>"; };
		30DB336327D94938004FE741 /* Color+.swift */ = {isa = PBXFileReference; lastKnownFileType = sourcecode.swift; name = "Color+.swift"; path = "DesafioFinal/Color+.swift"; sourceTree = SOURCE_ROOT; };
		30DB336627D952B9004FE741 /* AddFavView.swift */ = {isa = PBXFileReference; lastKnownFileType = sourcecode.swift; path = AddFavView.swift; sourceTree = "<group>"; };
		30DB336827D952DC004FE741 /* AmountByDateView.swift */ = {isa = PBXFileReference; lastKnownFileType = sourcecode.swift; path = AmountByDateView.swift; sourceTree = "<group>"; };
		30DB337127DF8C8F004FE741 /* CollectionTableViewHeader.swift */ = {isa = PBXFileReference; fileEncoding = 4; lastKnownFileType = sourcecode.swift; path = CollectionTableViewHeader.swift; sourceTree = "<group>"; };
		30DB337227DF8C8F004FE741 /* ErrorView.swift */ = {isa = PBXFileReference; fileEncoding = 4; lastKnownFileType = sourcecode.swift; path = ErrorView.swift; sourceTree = "<group>"; };
		30DB337327DF8C8F004FE741 /* ListaFavViewCell.swift */ = {isa = PBXFileReference; fileEncoding = 4; lastKnownFileType = sourcecode.swift; path = ListaFavViewCell.swift; sourceTree = "<group>"; };
		30DB337827DFA292004FE741 /* Cripto.swift */ = {isa = PBXFileReference; lastKnownFileType = sourcecode.swift; name = Cripto.swift; path = DesafioFinal/Source/Model/Cripto.swift; sourceTree = SOURCE_ROOT; };
		30E22D9827E0D87400AF130D /* DetaisFavCoordinator.swift */ = {isa = PBXFileReference; lastKnownFileType = sourcecode.swift; path = DetaisFavCoordinator.swift; sourceTree = "<group>"; };
		3930D0A927D6366200BD446A /* DesafioFinal.app */ = {isa = PBXFileReference; explicitFileType = wrapper.application; includeInIndex = 0; path = DesafioFinal.app; sourceTree = BUILT_PRODUCTS_DIR; };
		3930D0AC27D6366200BD446A /* AppDelegate.swift */ = {isa = PBXFileReference; lastKnownFileType = sourcecode.swift; path = AppDelegate.swift; sourceTree = "<group>"; };
		3930D0AE27D6366200BD446A /* SceneDelegate.swift */ = {isa = PBXFileReference; lastKnownFileType = sourcecode.swift; path = SceneDelegate.swift; sourceTree = "<group>"; };
		3930D0B527D6366400BD446A /* Assets.xcassets */ = {isa = PBXFileReference; lastKnownFileType = folder.assetcatalog; path = Assets.xcassets; sourceTree = "<group>"; };
		3930D0B827D6366400BD446A /* Base */ = {isa = PBXFileReference; lastKnownFileType = file.storyboard; name = Base; path = Base.lproj/LaunchScreen.storyboard; sourceTree = "<group>"; };
		3930D0BA27D6366400BD446A /* Info.plist */ = {isa = PBXFileReference; lastKnownFileType = text.plist.xml; path = Info.plist; sourceTree = "<group>"; };
		3930D0BF27D6366400BD446A /* DesafioFinalTests.xctest */ = {isa = PBXFileReference; explicitFileType = wrapper.cfbundle; includeInIndex = 0; path = DesafioFinalTests.xctest; sourceTree = BUILT_PRODUCTS_DIR; };
		3930D0C327D6366400BD446A /* DesafioFinalTests.swift */ = {isa = PBXFileReference; lastKnownFileType = sourcecode.swift; path = DesafioFinalTests.swift; sourceTree = "<group>"; };
		3930D0C927D6366400BD446A /* DesafioFinalUITests.xctest */ = {isa = PBXFileReference; explicitFileType = wrapper.cfbundle; includeInIndex = 0; path = DesafioFinalUITests.xctest; sourceTree = BUILT_PRODUCTS_DIR; };
		3930D0CD27D6366400BD446A /* DesafioFinalUITests.swift */ = {isa = PBXFileReference; lastKnownFileType = sourcecode.swift; path = DesafioFinalUITests.swift; sourceTree = "<group>"; };
		3930D0CF27D6366400BD446A /* DesafioFinalUITestsLaunchTests.swift */ = {isa = PBXFileReference; lastKnownFileType = sourcecode.swift; path = DesafioFinalUITestsLaunchTests.swift; sourceTree = "<group>"; };
		3930D12C27D6835D00BD446A /* Coordinator.swift */ = {isa = PBXFileReference; lastKnownFileType = sourcecode.swift; path = Coordinator.swift; sourceTree = "<group>"; };
		3930D12E27D683A500BD446A /* CoinCoordinator.swift */ = {isa = PBXFileReference; lastKnownFileType = sourcecode.swift; path = CoinCoordinator.swift; sourceTree = "<group>"; };
		3930D13027D6867900BD446A /* TBViewController.swift */ = {isa = PBXFileReference; lastKnownFileType = sourcecode.swift; path = TBViewController.swift; sourceTree = "<group>"; };
/* End PBXFileReference section */

/* Begin PBXFrameworksBuildPhase section */
		3930D0A627D6366200BD446A /* Frameworks */ = {
			isa = PBXFrameworksBuildPhase;
			buildActionMask = 2147483647;
			files = (
			);
			runOnlyForDeploymentPostprocessing = 0;
		};
		3930D0BC27D6366400BD446A /* Frameworks */ = {
			isa = PBXFrameworksBuildPhase;
			buildActionMask = 2147483647;
			files = (
			);
			runOnlyForDeploymentPostprocessing = 0;
		};
		3930D0C627D6366400BD446A /* Frameworks */ = {
			isa = PBXFrameworksBuildPhase;
			buildActionMask = 2147483647;
			files = (
			);
			runOnlyForDeploymentPostprocessing = 0;
		};
/* End PBXFrameworksBuildPhase section */

/* Begin PBXGroup section */
		30DB335A27D819FC004FE741 /* CriptoListaController */ = {
			isa = PBXGroup;
			children = (
				30DB335627D81842004FE741 /* CoinV.swift */,
				30DB335827D819AE004FE741 /* TableViewHeader.swift */,
				30DB335B27D81A4D004FE741 /* ListaCriptoTableViewCell.swift */,
			);
			path = CriptoListaController;
			sourceTree = "<group>";
		};
		30DB336527D950A4004FE741 /* CriptoDetailsFavController */ = {
			isa = PBXGroup;
			children = (
				30DB335D27D90EFE004FE741 /* DetalhesAddViewController.swift */,
				30DB336627D952B9004FE741 /* AddFavView.swift */,
				30DB336827D952DC004FE741 /* AmountByDateView.swift */,
			);
			path = CriptoDetailsFavController;
			sourceTree = "<group>";
		};
		30DB337727DFA0E2004FE741 /* CriptoFavListaController */ = {
			isa = PBXGroup;
			children = (
				30DB337327DF8C8F004FE741 /* ListaFavViewCell.swift */,
				30DB337127DF8C8F004FE741 /* CollectionTableViewHeader.swift */,
			);
			path = CriptoFavListaController;
			sourceTree = "<group>";
		};
		30DB337E27DFA6DB004FE741 /* Api */ = {
			isa = PBXGroup;
			children = (
			);
			path = Api;
			sourceTree = "<group>";
		};
		30DB337F27DFA6E8004FE741 /* Constants */ = {
			isa = PBXGroup;
			children = (
			);
			path = Constants;
			sourceTree = "<group>";
		};
		30DB338027DFA6FB004FE741 /* Enums */ = {
			isa = PBXGroup;
			children = (
			);
			path = Enums;
			sourceTree = "<group>";
		};
		30DB338127DFA709004FE741 /* Localizable */ = {
			isa = PBXGroup;
			children = (
			);
			path = Localizable;
			sourceTree = "<group>";
		};
		30DB338227DFA717004FE741 /* Utils */ = {
			isa = PBXGroup;
			children = (
			);
			path = Utils;
			sourceTree = "<group>";
		};
		30DB338327DFA733004FE741 /* DataStore */ = {
			isa = PBXGroup;
			children = (
			);
			path = DataStore;
			sourceTree = "<group>";
		};
		30DB338427DFA742004FE741 /* ViewModel */ = {
			isa = PBXGroup;
			children = (
			);
			path = ViewModel;
			sourceTree = "<group>";
		};
		30DB338527DFA754004FE741 /* Model */ = {
			isa = PBXGroup;
			children = (
				30DB337827DFA292004FE741 /* Cripto.swift */,
			);
			path = Model;
			sourceTree = "<group>";
		};
		3930D0A027D6366200BD446A = {
			isa = PBXGroup;
			children = (
				3930D0AB27D6366200BD446A /* DesafioFinal */,
				3930D0C227D6366400BD446A /* DesafioFinalTests */,
				3930D0CC27D6366400BD446A /* DesafioFinalUITests */,
				3930D0AA27D6366200BD446A /* Products */,
			);
			sourceTree = "<group>";
		};
		3930D0AA27D6366200BD446A /* Products */ = {
			isa = PBXGroup;
			children = (
				3930D0A927D6366200BD446A /* DesafioFinal.app */,
				3930D0BF27D6366400BD446A /* DesafioFinalTests.xctest */,
				3930D0C927D6366400BD446A /* DesafioFinalUITests.xctest */,
			);
			name = Products;
			sourceTree = "<group>";
		};
		3930D0AB27D6366200BD446A /* DesafioFinal */ = {
			isa = PBXGroup;
			children = (
				3930D0DE27D63D4000BD446A /* Source */,
				3930D0DC27D63BA600BD446A /* Resource */,
				3930D0B527D6366400BD446A /* Assets.xcassets */,
				30DB336127D947F2004FE741 /* Themes.xcassets */,
				3930D0BA27D6366400BD446A /* Info.plist */,
			);
			path = DesafioFinal;
			sourceTree = "<group>";
		};
		3930D0C227D6366400BD446A /* DesafioFinalTests */ = {
			isa = PBXGroup;
			children = (
				3930D0C327D6366400BD446A /* DesafioFinalTests.swift */,
			);
			path = DesafioFinalTests;
			sourceTree = "<group>";
		};
		3930D0CC27D6366400BD446A /* DesafioFinalUITests */ = {
			isa = PBXGroup;
			children = (
				3930D0CD27D6366400BD446A /* DesafioFinalUITests.swift */,
				3930D0CF27D6366400BD446A /* DesafioFinalUITestsLaunchTests.swift */,
			);
			path = DesafioFinalUITests;
			sourceTree = "<group>";
		};
		3930D0DC27D63BA600BD446A /* Resource */ = {
			isa = PBXGroup;
			children = (
				3930D0AC27D6366200BD446A /* AppDelegate.swift */,
				3930D0AE27D6366200BD446A /* SceneDelegate.swift */,
				3930D0DD27D63BB600BD446A /* Storyboard */,
			);
			path = Resource;
			sourceTree = "<group>";
		};
		3930D0DD27D63BB600BD446A /* Storyboard */ = {
			isa = PBXGroup;
			children = (
				3930D0B727D6366400BD446A /* LaunchScreen.storyboard */,
			);
			path = Storyboard;
			sourceTree = "<group>";
		};
		3930D0DE27D63D4000BD446A /* Source */ = {
			isa = PBXGroup;
			children = (
				3930D0DF27D63D7000BD446A /* Controller */,
				3930D0E827D63F1400BD446A /* Coordinator */,
				30DB338327DFA733004FE741 /* DataStore */,
				3930D0E027D63DAF00BD446A /* Infrastructure */,
				30DB338527DFA754004FE741 /* Model */,
				30DB338427DFA742004FE741 /* ViewModel */,
			);
			path = Source;
			sourceTree = "<group>";
		};
		3930D0DF27D63D7000BD446A /* Controller */ = {
			isa = PBXGroup;
			children = (
				3930D13027D6867900BD446A /* TBViewController.swift */,
				30DB337227DF8C8F004FE741 /* ErrorView.swift */,
				30DB335A27D819FC004FE741 /* CriptoListaController */,
				30DB336527D950A4004FE741 /* CriptoDetailsFavController */,
				30DB337727DFA0E2004FE741 /* CriptoFavListaController */,
			);
			path = Controller;
			sourceTree = "<group>";
		};
		3930D0E027D63DAF00BD446A /* Infrastructure */ = {
			isa = PBXGroup;
			children = (
				30DB337E27DFA6DB004FE741 /* Api */,
				3930D0E227D63E1800BD446A /* Components */,
				30DB337F27DFA6E8004FE741 /* Constants */,
				30DB338027DFA6FB004FE741 /* Enums */,
				3930D0E527D63E6800BD446A /* Extensions */,
				30DB338127DFA709004FE741 /* Localizable */,
				30DB338227DFA717004FE741 /* Utils */,
			);
			path = Infrastructure;
			sourceTree = "<group>";
		};
		3930D0E227D63E1800BD446A /* Components */ = {
			isa = PBXGroup;
			children = (
			);
			path = Components;
			sourceTree = "<group>";
		};
		3930D0E527D63E6800BD446A /* Extensions */ = {
			isa = PBXGroup;
			children = (
				30DB336327D94938004FE741 /* Color+.swift */,
			);
			path = Extensions;
			sourceTree = "<group>";
		};
		3930D0E827D63F1400BD446A /* Coordinator */ = {
			isa = PBXGroup;
			children = (
				3930D12C27D6835D00BD446A /* Coordinator.swift */,
				3930D12E27D683A500BD446A /* CoinCoordinator.swift */,
				30E22D9827E0D87400AF130D /* DetaisFavCoordinator.swift */,
			);
			path = Coordinator;
			sourceTree = "<group>";
		};
/* End PBXGroup section */

/* Begin PBXNativeTarget section */
		3930D0A827D6366200BD446A /* DesafioFinal */ = {
			isa = PBXNativeTarget;
			buildConfigurationList = 3930D0D327D6366400BD446A /* Build configuration list for PBXNativeTarget "DesafioFinal" */;
			buildPhases = (
				3930D0A527D6366200BD446A /* Sources */,
				3930D0A627D6366200BD446A /* Frameworks */,
			);
			buildRules = (
			);
			dependencies = (
			);
			name = DesafioFinal;
			productName = DesafioFinal;
			productReference = 3930D0A927D6366200BD446A /* DesafioFinal.app */;
			productType = "com.apple.product-type.application";
		};
		3930D0BE27D6366400BD446A /* DesafioFinalTests */ = {
			isa = PBXNativeTarget;
			buildConfigurationList = 3930D0D627D6366400BD446A /* Build configuration list for PBXNativeTarget "DesafioFinalTests" */;
			buildPhases = (
				3930D0BB27D6366400BD446A /* Sources */,
				3930D0BC27D6366400BD446A /* Frameworks */,
				3930D0BD27D6366400BD446A /* Resources */,
			);
			buildRules = (
			);
			dependencies = (
				3930D0C127D6366400BD446A /* PBXTargetDependency */,
			);
			name = DesafioFinalTests;
			productName = DesafioFinalTests;
			productReference = 3930D0BF27D6366400BD446A /* DesafioFinalTests.xctest */;
			productType = "com.apple.product-type.bundle.unit-test";
		};
		3930D0C827D6366400BD446A /* DesafioFinalUITests */ = {
			isa = PBXNativeTarget;
			buildConfigurationList = 3930D0D927D6366400BD446A /* Build configuration list for PBXNativeTarget "DesafioFinalUITests" */;
			buildPhases = (
				3930D0C527D6366400BD446A /* Sources */,
				3930D0C627D6366400BD446A /* Frameworks */,
				3930D0C727D6366400BD446A /* Resources */,
			);
			buildRules = (
			);
			dependencies = (
				3930D0CB27D6366400BD446A /* PBXTargetDependency */,
			);
			name = DesafioFinalUITests;
			productName = DesafioFinalUITests;
			productReference = 3930D0C927D6366400BD446A /* DesafioFinalUITests.xctest */;
			productType = "com.apple.product-type.bundle.ui-testing";
		};
/* End PBXNativeTarget section */

/* Begin PBXProject section */
		3930D0A127D6366200BD446A /* Project object */ = {
			isa = PBXProject;
			attributes = {
				BuildIndependentTargetsInParallel = 1;
				LastSwiftUpdateCheck = 1320;
				LastUpgradeCheck = 1320;
				TargetAttributes = {
					3930D0A827D6366200BD446A = {
						CreatedOnToolsVersion = 13.2.1;
					};
					3930D0BE27D6366400BD446A = {
						CreatedOnToolsVersion = 13.2.1;
						TestTargetID = 3930D0A827D6366200BD446A;
					};
					3930D0C827D6366400BD446A = {
						CreatedOnToolsVersion = 13.2.1;
						TestTargetID = 3930D0A827D6366200BD446A;
					};
				};
			};
			buildConfigurationList = 3930D0A427D6366200BD446A /* Build configuration list for PBXProject "DesafioFinal" */;
			compatibilityVersion = "Xcode 13.0";
			developmentRegion = en;
			hasScannedForEncodings = 0;
			knownRegions = (
				en,
				Base,
			);
			mainGroup = 3930D0A027D6366200BD446A;
			productRefGroup = 3930D0AA27D6366200BD446A /* Products */;
			projectDirPath = "";
			projectRoot = "";
			targets = (
				3930D0A827D6366200BD446A /* DesafioFinal */,
				3930D0BE27D6366400BD446A /* DesafioFinalTests */,
				3930D0C827D6366400BD446A /* DesafioFinalUITests */,
			);
		};
/* End PBXProject section */

/* Begin PBXResourcesBuildPhase section */
		3930D0BD27D6366400BD446A /* Resources */ = {
			isa = PBXResourcesBuildPhase;
			buildActionMask = 2147483647;
			files = (
			);
			runOnlyForDeploymentPostprocessing = 0;
		};
		3930D0C727D6366400BD446A /* Resources */ = {
			isa = PBXResourcesBuildPhase;
			buildActionMask = 2147483647;
			files = (
			);
			runOnlyForDeploymentPostprocessing = 0;
		};
/* End PBXResourcesBuildPhase section */

/* Begin PBXSourcesBuildPhase section */
		3930D0A527D6366200BD446A /* Sources */ = {
			isa = PBXSourcesBuildPhase;
			buildActionMask = 2147483647;
			files = (
				3930D13127D6867900BD446A /* TBViewController.swift in Sources */,
				30DB336927D952DC004FE741 /* AmountByDateView.swift in Sources */,
				30DB336427D94938004FE741 /* Color+.swift in Sources */,
				30DB335E27D90EFE004FE741 /* DetalhesAddViewController.swift in Sources */,
				3930D12D27D6835D00BD446A /* Coordinator.swift in Sources */,
				30DB337927DFA292004FE741 /* Cripto.swift in Sources */,
				30DB335C27D81A4D004FE741 /* ListaCriptoTableViewCell.swift in Sources */,
				30DB337627DF8C90004FE741 /* ListaFavViewCell.swift in Sources */,
				30DB337427DF8C8F004FE741 /* CollectionTableViewHeader.swift in Sources */,
				3930D12F27D683A500BD446A /* CoinCoordinator.swift in Sources */,
				30DB335727D81842004FE741 /* CoinV.swift in Sources */,
				3930D0AD27D6366200BD446A /* AppDelegate.swift in Sources */,
				30DB337527DF8C8F004FE741 /* ErrorView.swift in Sources */,
				3930D0AF27D6366200BD446A /* SceneDelegate.swift in Sources */,
				30DB335927D819AE004FE741 /* TableViewHeader.swift in Sources */,
				30DB336727D952B9004FE741 /* AddFavView.swift in Sources */,
				30E22D9927E0D87500AF130D /* DetaisFavCoordinator.swift in Sources */,
			);
			runOnlyForDeploymentPostprocessing = 0;
		};
		3930D0BB27D6366400BD446A /* Sources */ = {
			isa = PBXSourcesBuildPhase;
			buildActionMask = 2147483647;
			files = (
				3930D0C427D6366400BD446A /* DesafioFinalTests.swift in Sources */,
			);
			runOnlyForDeploymentPostprocessing = 0;
		};
		3930D0C527D6366400BD446A /* Sources */ = {
			isa = PBXSourcesBuildPhase;
			buildActionMask = 2147483647;
			files = (
				3930D0CE27D6366400BD446A /* DesafioFinalUITests.swift in Sources */,
				3930D0D027D6366400BD446A /* DesafioFinalUITestsLaunchTests.swift in Sources */,
			);
			runOnlyForDeploymentPostprocessing = 0;
		};
/* End PBXSourcesBuildPhase section */

/* Begin PBXTargetDependency section */
		3930D0C127D6366400BD446A /* PBXTargetDependency */ = {
			isa = PBXTargetDependency;
			target = 3930D0A827D6366200BD446A /* DesafioFinal */;
			targetProxy = 3930D0C027D6366400BD446A /* PBXContainerItemProxy */;
		};
		3930D0CB27D6366400BD446A /* PBXTargetDependency */ = {
			isa = PBXTargetDependency;
			target = 3930D0A827D6366200BD446A /* DesafioFinal */;
			targetProxy = 3930D0CA27D6366400BD446A /* PBXContainerItemProxy */;
		};
/* End PBXTargetDependency section */

/* Begin PBXVariantGroup section */
		3930D0B727D6366400BD446A /* LaunchScreen.storyboard */ = {
			isa = PBXVariantGroup;
			children = (
				3930D0B827D6366400BD446A /* Base */,
			);
			name = LaunchScreen.storyboard;
			sourceTree = "<group>";
		};
/* End PBXVariantGroup section */

/* Begin XCBuildConfiguration section */
		3930D0D127D6366400BD446A /* Debug */ = {
			isa = XCBuildConfiguration;
			buildSettings = {
				ALWAYS_SEARCH_USER_PATHS = NO;
				CLANG_ANALYZER_NONNULL = YES;
				CLANG_ANALYZER_NUMBER_OBJECT_CONVERSION = YES_AGGRESSIVE;
				CLANG_CXX_LANGUAGE_STANDARD = "gnu++17";
				CLANG_CXX_LIBRARY = "libc++";
				CLANG_ENABLE_MODULES = YES;
				CLANG_ENABLE_OBJC_ARC = YES;
				CLANG_ENABLE_OBJC_WEAK = YES;
				CLANG_WARN_BLOCK_CAPTURE_AUTORELEASING = YES;
				CLANG_WARN_BOOL_CONVERSION = YES;
				CLANG_WARN_COMMA = YES;
				CLANG_WARN_CONSTANT_CONVERSION = YES;
				CLANG_WARN_DEPRECATED_OBJC_IMPLEMENTATIONS = YES;
				CLANG_WARN_DIRECT_OBJC_ISA_USAGE = YES_ERROR;
				CLANG_WARN_DOCUMENTATION_COMMENTS = YES;
				CLANG_WARN_EMPTY_BODY = YES;
				CLANG_WARN_ENUM_CONVERSION = YES;
				CLANG_WARN_INFINITE_RECURSION = YES;
				CLANG_WARN_INT_CONVERSION = YES;
				CLANG_WARN_NON_LITERAL_NULL_CONVERSION = YES;
				CLANG_WARN_OBJC_IMPLICIT_RETAIN_SELF = YES;
				CLANG_WARN_OBJC_LITERAL_CONVERSION = YES;
				CLANG_WARN_OBJC_ROOT_CLASS = YES_ERROR;
				CLANG_WARN_QUOTED_INCLUDE_IN_FRAMEWORK_HEADER = YES;
				CLANG_WARN_RANGE_LOOP_ANALYSIS = YES;
				CLANG_WARN_STRICT_PROTOTYPES = YES;
				CLANG_WARN_SUSPICIOUS_MOVE = YES;
				CLANG_WARN_UNGUARDED_AVAILABILITY = YES_AGGRESSIVE;
				CLANG_WARN_UNREACHABLE_CODE = YES;
				CLANG_WARN__DUPLICATE_METHOD_MATCH = YES;
				COPY_PHASE_STRIP = NO;
				DEBUG_INFORMATION_FORMAT = dwarf;
				ENABLE_STRICT_OBJC_MSGSEND = YES;
				ENABLE_TESTABILITY = YES;
				GCC_C_LANGUAGE_STANDARD = gnu11;
				GCC_DYNAMIC_NO_PIC = NO;
				GCC_NO_COMMON_BLOCKS = YES;
				GCC_OPTIMIZATION_LEVEL = 0;
				GCC_PREPROCESSOR_DEFINITIONS = (
					"DEBUG=1",
					"$(inherited)",
				);
				GCC_WARN_64_TO_32_BIT_CONVERSION = YES;
				GCC_WARN_ABOUT_RETURN_TYPE = YES_ERROR;
				GCC_WARN_UNDECLARED_SELECTOR = YES;
				GCC_WARN_UNINITIALIZED_AUTOS = YES_AGGRESSIVE;
				GCC_WARN_UNUSED_FUNCTION = YES;
				GCC_WARN_UNUSED_VARIABLE = YES;
				IPHONEOS_DEPLOYMENT_TARGET = 15.2;
				MTL_ENABLE_DEBUG_INFO = INCLUDE_SOURCE;
				MTL_FAST_MATH = YES;
				ONLY_ACTIVE_ARCH = YES;
				SDKROOT = iphoneos;
				SWIFT_ACTIVE_COMPILATION_CONDITIONS = DEBUG;
				SWIFT_OPTIMIZATION_LEVEL = "-Onone";
			};
			name = Debug;
		};
		3930D0D227D6366400BD446A /* Release */ = {
			isa = XCBuildConfiguration;
			buildSettings = {
				ALWAYS_SEARCH_USER_PATHS = NO;
				CLANG_ANALYZER_NONNULL = YES;
				CLANG_ANALYZER_NUMBER_OBJECT_CONVERSION = YES_AGGRESSIVE;
				CLANG_CXX_LANGUAGE_STANDARD = "gnu++17";
				CLANG_CXX_LIBRARY = "libc++";
				CLANG_ENABLE_MODULES = YES;
				CLANG_ENABLE_OBJC_ARC = YES;
				CLANG_ENABLE_OBJC_WEAK = YES;
				CLANG_WARN_BLOCK_CAPTURE_AUTORELEASING = YES;
				CLANG_WARN_BOOL_CONVERSION = YES;
				CLANG_WARN_COMMA = YES;
				CLANG_WARN_CONSTANT_CONVERSION = YES;
				CLANG_WARN_DEPRECATED_OBJC_IMPLEMENTATIONS = YES;
				CLANG_WARN_DIRECT_OBJC_ISA_USAGE = YES_ERROR;
				CLANG_WARN_DOCUMENTATION_COMMENTS = YES;
				CLANG_WARN_EMPTY_BODY = YES;
				CLANG_WARN_ENUM_CONVERSION = YES;
				CLANG_WARN_INFINITE_RECURSION = YES;
				CLANG_WARN_INT_CONVERSION = YES;
				CLANG_WARN_NON_LITERAL_NULL_CONVERSION = YES;
				CLANG_WARN_OBJC_IMPLICIT_RETAIN_SELF = YES;
				CLANG_WARN_OBJC_LITERAL_CONVERSION = YES;
				CLANG_WARN_OBJC_ROOT_CLASS = YES_ERROR;
				CLANG_WARN_QUOTED_INCLUDE_IN_FRAMEWORK_HEADER = YES;
				CLANG_WARN_RANGE_LOOP_ANALYSIS = YES;
				CLANG_WARN_STRICT_PROTOTYPES = YES;
				CLANG_WARN_SUSPICIOUS_MOVE = YES;
				CLANG_WARN_UNGUARDED_AVAILABILITY = YES_AGGRESSIVE;
				CLANG_WARN_UNREACHABLE_CODE = YES;
				CLANG_WARN__DUPLICATE_METHOD_MATCH = YES;
				COPY_PHASE_STRIP = NO;
				DEBUG_INFORMATION_FORMAT = "dwarf-with-dsym";
				ENABLE_NS_ASSERTIONS = NO;
				ENABLE_STRICT_OBJC_MSGSEND = YES;
				GCC_C_LANGUAGE_STANDARD = gnu11;
				GCC_NO_COMMON_BLOCKS = YES;
				GCC_WARN_64_TO_32_BIT_CONVERSION = YES;
				GCC_WARN_ABOUT_RETURN_TYPE = YES_ERROR;
				GCC_WARN_UNDECLARED_SELECTOR = YES;
				GCC_WARN_UNINITIALIZED_AUTOS = YES_AGGRESSIVE;
				GCC_WARN_UNUSED_FUNCTION = YES;
				GCC_WARN_UNUSED_VARIABLE = YES;
				IPHONEOS_DEPLOYMENT_TARGET = 15.2;
				MTL_ENABLE_DEBUG_INFO = NO;
				MTL_FAST_MATH = YES;
				SDKROOT = iphoneos;
				SWIFT_COMPILATION_MODE = wholemodule;
				SWIFT_OPTIMIZATION_LEVEL = "-O";
				VALIDATE_PRODUCT = YES;
			};
			name = Release;
		};
		3930D0D427D6366400BD446A /* Debug */ = {
			isa = XCBuildConfiguration;
			buildSettings = {
				ASSETCATALOG_COMPILER_APPICON_NAME = AppIcon;
				ASSETCATALOG_COMPILER_GLOBAL_ACCENT_COLOR_NAME = AccentColor;
				CODE_SIGN_STYLE = Automatic;
				CURRENT_PROJECT_VERSION = 1;
				GENERATE_INFOPLIST_FILE = YES;
				INFOPLIST_FILE = DesafioFinal/Info.plist;
				INFOPLIST_KEY_UIApplicationSupportsIndirectInputEvents = YES;
				INFOPLIST_KEY_UILaunchStoryboardName = LaunchScreen;
				INFOPLIST_KEY_UIRequiresFullScreen = NO;
				INFOPLIST_KEY_UIStatusBarHidden = NO;
				INFOPLIST_KEY_UISupportedInterfaceOrientations_iPad = "UIInterfaceOrientationPortrait UIInterfaceOrientationPortraitUpsideDown UIInterfaceOrientationLandscapeLeft UIInterfaceOrientationLandscapeRight";
				INFOPLIST_KEY_UISupportedInterfaceOrientations_iPhone = "UIInterfaceOrientationPortrait UIInterfaceOrientationLandscapeLeft UIInterfaceOrientationLandscapeRight";
				LD_RUNPATH_SEARCH_PATHS = (
					"$(inherited)",
					"@executable_path/Frameworks",
				);
				MARKETING_VERSION = 1.0;
				PRODUCT_BUNDLE_IDENTIFIER = com.nttdata.DesafioFinal;
				PRODUCT_NAME = "$(TARGET_NAME)";
				SWIFT_EMIT_LOC_STRINGS = YES;
				SWIFT_VERSION = 5.0;
				TARGETED_DEVICE_FAMILY = "1,2";
			};
			name = Debug;
		};
		3930D0D527D6366400BD446A /* Release */ = {
			isa = XCBuildConfiguration;
			buildSettings = {
				ASSETCATALOG_COMPILER_APPICON_NAME = AppIcon;
				ASSETCATALOG_COMPILER_GLOBAL_ACCENT_COLOR_NAME = AccentColor;
				CODE_SIGN_STYLE = Automatic;
				CURRENT_PROJECT_VERSION = 1;
				GENERATE_INFOPLIST_FILE = YES;
				INFOPLIST_FILE = DesafioFinal/Info.plist;
				INFOPLIST_KEY_UIApplicationSupportsIndirectInputEvents = YES;
				INFOPLIST_KEY_UILaunchStoryboardName = LaunchScreen;
				INFOPLIST_KEY_UIRequiresFullScreen = NO;
				INFOPLIST_KEY_UIStatusBarHidden = NO;
				INFOPLIST_KEY_UISupportedInterfaceOrientations_iPad = "UIInterfaceOrientationPortrait UIInterfaceOrientationPortraitUpsideDown UIInterfaceOrientationLandscapeLeft UIInterfaceOrientationLandscapeRight";
				INFOPLIST_KEY_UISupportedInterfaceOrientations_iPhone = "UIInterfaceOrientationPortrait UIInterfaceOrientationLandscapeLeft UIInterfaceOrientationLandscapeRight";
				LD_RUNPATH_SEARCH_PATHS = (
					"$(inherited)",
					"@executable_path/Frameworks",
				);
				MARKETING_VERSION = 1.0;
				PRODUCT_BUNDLE_IDENTIFIER = com.nttdata.DesafioFinal;
				PRODUCT_NAME = "$(TARGET_NAME)";
				SWIFT_EMIT_LOC_STRINGS = YES;
				SWIFT_VERSION = 5.0;
				TARGETED_DEVICE_FAMILY = "1,2";
			};
			name = Release;
		};
		3930D0D727D6366400BD446A /* Debug */ = {
			isa = XCBuildConfiguration;
			buildSettings = {
				ALWAYS_EMBED_SWIFT_STANDARD_LIBRARIES = YES;
				BUNDLE_LOADER = "$(TEST_HOST)";
				CODE_SIGN_STYLE = Automatic;
				CURRENT_PROJECT_VERSION = 1;
				GENERATE_INFOPLIST_FILE = YES;
				IPHONEOS_DEPLOYMENT_TARGET = 15.2;
				MARKETING_VERSION = 1.0;
				PRODUCT_BUNDLE_IDENTIFIER = com.nttdata.DesafioFinalTests;
				PRODUCT_NAME = "$(TARGET_NAME)";
				SWIFT_EMIT_LOC_STRINGS = NO;
				SWIFT_VERSION = 5.0;
				TARGETED_DEVICE_FAMILY = "1,2";
				TEST_HOST = "$(BUILT_PRODUCTS_DIR)/DesafioFinal.app/DesafioFinal";
			};
			name = Debug;
		};
		3930D0D827D6366400BD446A /* Release */ = {
			isa = XCBuildConfiguration;
			buildSettings = {
				ALWAYS_EMBED_SWIFT_STANDARD_LIBRARIES = YES;
				BUNDLE_LOADER = "$(TEST_HOST)";
				CODE_SIGN_STYLE = Automatic;
				CURRENT_PROJECT_VERSION = 1;
				GENERATE_INFOPLIST_FILE = YES;
				IPHONEOS_DEPLOYMENT_TARGET = 15.2;
				MARKETING_VERSION = 1.0;
				PRODUCT_BUNDLE_IDENTIFIER = com.nttdata.DesafioFinalTests;
				PRODUCT_NAME = "$(TARGET_NAME)";
				SWIFT_EMIT_LOC_STRINGS = NO;
				SWIFT_VERSION = 5.0;
				TARGETED_DEVICE_FAMILY = "1,2";
				TEST_HOST = "$(BUILT_PRODUCTS_DIR)/DesafioFinal.app/DesafioFinal";
			};
			name = Release;
		};
		3930D0DA27D6366400BD446A /* Debug */ = {
			isa = XCBuildConfiguration;
			buildSettings = {
				ALWAYS_EMBED_SWIFT_STANDARD_LIBRARIES = YES;
				CODE_SIGN_STYLE = Automatic;
				CURRENT_PROJECT_VERSION = 1;
				GENERATE_INFOPLIST_FILE = YES;
				MARKETING_VERSION = 1.0;
				PRODUCT_BUNDLE_IDENTIFIER = com.nttdata.DesafioFinalUITests;
				PRODUCT_NAME = "$(TARGET_NAME)";
				SWIFT_EMIT_LOC_STRINGS = NO;
				SWIFT_VERSION = 5.0;
				TARGETED_DEVICE_FAMILY = "1,2";
				TEST_TARGET_NAME = DesafioFinal;
			};
			name = Debug;
		};
		3930D0DB27D6366400BD446A /* Release */ = {
			isa = XCBuildConfiguration;
			buildSettings = {
				ALWAYS_EMBED_SWIFT_STANDARD_LIBRARIES = YES;
				CODE_SIGN_STYLE = Automatic;
				CURRENT_PROJECT_VERSION = 1;
				GENERATE_INFOPLIST_FILE = YES;
				MARKETING_VERSION = 1.0;
				PRODUCT_BUNDLE_IDENTIFIER = com.nttdata.DesafioFinalUITests;
				PRODUCT_NAME = "$(TARGET_NAME)";
				SWIFT_EMIT_LOC_STRINGS = NO;
				SWIFT_VERSION = 5.0;
				TARGETED_DEVICE_FAMILY = "1,2";
				TEST_TARGET_NAME = DesafioFinal;
			};
			name = Release;
		};
/* End XCBuildConfiguration section */

/* Begin XCConfigurationList section */
		3930D0A427D6366200BD446A /* Build configuration list for PBXProject "DesafioFinal" */ = {
			isa = XCConfigurationList;
			buildConfigurations = (
				3930D0D127D6366400BD446A /* Debug */,
				3930D0D227D6366400BD446A /* Release */,
			);
			defaultConfigurationIsVisible = 0;
			defaultConfigurationName = Release;
		};
		3930D0D327D6366400BD446A /* Build configuration list for PBXNativeTarget "DesafioFinal" */ = {
			isa = XCConfigurationList;
			buildConfigurations = (
				3930D0D427D6366400BD446A /* Debug */,
				3930D0D527D6366400BD446A /* Release */,
			);
			defaultConfigurationIsVisible = 0;
			defaultConfigurationName = Release;
		};
		3930D0D627D6366400BD446A /* Build configuration list for PBXNativeTarget "DesafioFinalTests" */ = {
			isa = XCConfigurationList;
			buildConfigurations = (
				3930D0D727D6366400BD446A /* Debug */,
				3930D0D827D6366400BD446A /* Release */,
			);
			defaultConfigurationIsVisible = 0;
			defaultConfigurationName = Release;
		};
		3930D0D927D6366400BD446A /* Build configuration list for PBXNativeTarget "DesafioFinalUITests" */ = {
			isa = XCConfigurationList;
			buildConfigurations = (
				3930D0DA27D6366400BD446A /* Debug */,
				3930D0DB27D6366400BD446A /* Release */,
			);
			defaultConfigurationIsVisible = 0;
			defaultConfigurationName = Release;
		};
/* End XCConfigurationList section */
	};
	rootObject = 3930D0A127D6366200BD446A /* Project object */;
}
